
Microsoft Visual Studio Solution File, Format Version 12.00
# Visual Studio Version 17
VisualStudioVersion = 17.9.34607.119
MinimumVisualStudioVersion = 10.0.40219.1
Project("{FAE04EC0-301F-11D3-BF4B-00C04F79EFBC}") = "Translator", "Translator.csproj", "{181B0810-414B-44CE-BF27-90A2EBDA8A99}"
EndProject
Global
	GlobalSection(SolutionConfigurationPlatforms) = preSolution
		Debug|Any CPU = Debug|Any CPU
		Release|Any CPU = Release|Any CPU
	EndGlobalSection
	GlobalSection(ProjectConfigurationPlatforms) = postSolution
		{181B0810-414B-44CE-BF27-90A2EBDA8A99}.Debug|Any CPU.ActiveCfg = Debug|Any CPU
		{181B0810-414B-44CE-BF27-90A2EBDA8A99}.Debug|Any CPU.Build.0 = Debug|Any CPU
		{181B0810-414B-44CE-BF27-90A2EBDA8A99}.Release|Any CPU.ActiveCfg = Release|Any CPU
		{181B0810-414B-44CE-BF27-90A2EBDA8A99}.Release|Any CPU.Build.0 = Release|Any CPU
	EndGlobalSection
	GlobalSection(SolutionProperties) = preSolution
		HideSolutionNode = FALSE
	EndGlobalSection
	GlobalSection(ExtensibilityGlobals) = postSolution
		SolutionGuid = {582F9C10-C25A-4B6A-AD52-6BD19E4096BA}
	EndGlobalSection
EndGlobal
